
Microsoft Visual Studio Solution File, Format Version 12.00
# Visual Studio Version 17
VisualStudioVersion = 17.2.32526.322
MinimumVisualStudioVersion = 10.0.40219.1
Project("{8BC9CEB8-8B4A-11D0-8D11-00A0C91BC942}") = "семак2Лаба4Наследование", "семак2Лаба4Наследование.vcxproj", "{64159926-4B7A-4E01-A397-7C5C0CA746D1}"
EndProject
Global
	GlobalSection(SolutionConfigurationPlatforms) = preSolution
		Debug|x64 = Debug|x64
		Debug|x86 = Debug|x86
		Release|x64 = Release|x64
		Release|x86 = Release|x86
	EndGlobalSection
	GlobalSection(ProjectConfigurationPlatforms) = postSolution
		{64159926-4B7A-4E01-A397-7C5C0CA746D1}.Debug|x64.ActiveCfg = Debug|x64
		{64159926-4B7A-4E01-A397-7C5C0CA746D1}.Debug|x64.Build.0 = Debug|x64
		{64159926-4B7A-4E01-A397-7C5C0CA746D1}.Debug|x86.ActiveCfg = Debug|Win32
		{64159926-4B7A-4E01-A397-7C5C0CA746D1}.Debug|x86.Build.0 = Debug|Win32
		{64159926-4B7A-4E01-A397-7C5C0CA746D1}.Release|x64.ActiveCfg = Release|x64
		{64159926-4B7A-4E01-A397-7C5C0CA746D1}.Release|x64.Build.0 = Release|x64
		{64159926-4B7A-4E01-A397-7C5C0CA746D1}.Release|x86.ActiveCfg = Release|Win32
		{64159926-4B7A-4E01-A397-7C5C0CA746D1}.Release|x86.Build.0 = Release|Win32
	EndGlobalSection
	GlobalSection(SolutionProperties) = preSolution
		HideSolutionNode = FALSE
	EndGlobalSection
	GlobalSection(ExtensibilityGlobals) = postSolution
		SolutionGuid = {1EDD3639-6DDD-4534-921D-340CDF9660B1}
	EndGlobalSection
EndGlobal
